
Microsoft Visual Studio Solution File, Format Version 11.00
# Visual C++ Express 2010
Project("{8BC9CEB8-8B4A-11D0-8D11-00A0C91BC942}") = "parse_histories", "parse_histories\parse_histories.vcxproj", "{508C58AB-4629-4789-9BA6-06B700295621}"
EndProject
Global
	GlobalSection(SolutionConfigurationPlatforms) = preSolution
		Debug|Win32 = Debug|Win32
		Release|Win32 = Release|Win32
	EndGlobalSection
	GlobalSection(ProjectConfigurationPlatforms) = postSolution
		{508C58AB-4629-4789-9BA6-06B700295621}.Debug|Win32.ActiveCfg = Debug|Win32
		{508C58AB-4629-4789-9BA6-06B700295621}.Debug|Win32.Build.0 = Debug|Win32
		{508C58AB-4629-4789-9BA6-06B700295621}.Release|Win32.ActiveCfg = Release|Win32
		{508C58AB-4629-4789-9BA6-06B700295621}.Release|Win32.Build.0 = Release|Win32
	EndGlobalSection
	GlobalSection(SolutionProperties) = preSolution
		HideSolutionNode = FALSE
	EndGlobalSection
EndGlobal
